
Microsoft Visual Studio Solution File, Format Version 12.00
# Visual Studio 15
VisualStudioVersion = 15.0.28307.1082
MinimumVisualStudioVersion = 10.0.40219.1
Project("{FAE04EC0-301F-11D3-BF4B-00C04F79EFBC}") = "CommandPattern", "CommandPattern\CommandPattern.csproj", "{2C5BDC9A-A158-4FC9-96DC-F3A9CAD6E0F3}"
EndProject
Project("{FAE04EC0-301F-11D3-BF4B-00C04F79EFBC}") = "CommandPatternTester", "CommandPatternTester\CommandPatternTester.csproj", "{181F58F9-FD4D-4C77-BD00-8FAA56F7685C}"
EndProject
Global
	GlobalSection(SolutionConfigurationPlatforms) = preSolution
		Debug|Any CPU = Debug|Any CPU
		Release|Any CPU = Release|Any CPU
	EndGlobalSection
	GlobalSection(ProjectConfigurationPlatforms) = postSolution
		{2C5BDC9A-A158-4FC9-96DC-F3A9CAD6E0F3}.Debug|Any CPU.ActiveCfg = Debug|Any CPU
		{2C5BDC9A-A158-4FC9-96DC-F3A9CAD6E0F3}.Debug|Any CPU.Build.0 = Debug|Any CPU
		{2C5BDC9A-A158-4FC9-96DC-F3A9CAD6E0F3}.Release|Any CPU.ActiveCfg = Release|Any CPU
		{2C5BDC9A-A158-4FC9-96DC-F3A9CAD6E0F3}.Release|Any CPU.Build.0 = Release|Any CPU
		{181F58F9-FD4D-4C77-BD00-8FAA56F7685C}.Debug|Any CPU.ActiveCfg = Debug|Any CPU
		{181F58F9-FD4D-4C77-BD00-8FAA56F7685C}.Debug|Any CPU.Build.0 = Debug|Any CPU
		{181F58F9-FD4D-4C77-BD00-8FAA56F7685C}.Release|Any CPU.ActiveCfg = Release|Any CPU
		{181F58F9-FD4D-4C77-BD00-8FAA56F7685C}.Release|Any CPU.Build.0 = Release|Any CPU
	EndGlobalSection
	GlobalSection(SolutionProperties) = preSolution
		HideSolutionNode = FALSE
	EndGlobalSection
	GlobalSection(ExtensibilityGlobals) = postSolution
		SolutionGuid = {BC7851A0-4ED9-4B21-B763-B84874D992BE}
	EndGlobalSection
EndGlobal
