
Microsoft Visual Studio Solution File, Format Version 12.00
# Visual Studio 15
VisualStudioVersion = 15.0.28307.1062
MinimumVisualStudioVersion = 10.0.40219.1
Project("{FAE04EC0-301F-11D3-BF4B-00C04F79EFBC}") = "BridgePattern", "Bridge Pattern\BridgePattern.csproj", "{F2C9E588-FBAD-4A4A-9483-74FE726DC04A}"
EndProject
Project("{FAE04EC0-301F-11D3-BF4B-00C04F79EFBC}") = "BridgePatternTester", "BridgePattern Tester\BridgePatternTester.csproj", "{E09F136A-5B40-4C66-939F-89A333C65167}"
EndProject
Global
	GlobalSection(SolutionConfigurationPlatforms) = preSolution
		Debug|Any CPU = Debug|Any CPU
		Release|Any CPU = Release|Any CPU
	EndGlobalSection
	GlobalSection(ProjectConfigurationPlatforms) = postSolution
		{F2C9E588-FBAD-4A4A-9483-74FE726DC04A}.Debug|Any CPU.ActiveCfg = Debug|Any CPU
		{F2C9E588-FBAD-4A4A-9483-74FE726DC04A}.Debug|Any CPU.Build.0 = Debug|Any CPU
		{F2C9E588-FBAD-4A4A-9483-74FE726DC04A}.Release|Any CPU.ActiveCfg = Release|Any CPU
		{F2C9E588-FBAD-4A4A-9483-74FE726DC04A}.Release|Any CPU.Build.0 = Release|Any CPU
		{E09F136A-5B40-4C66-939F-89A333C65167}.Debug|Any CPU.ActiveCfg = Debug|Any CPU
		{E09F136A-5B40-4C66-939F-89A333C65167}.Debug|Any CPU.Build.0 = Debug|Any CPU
		{E09F136A-5B40-4C66-939F-89A333C65167}.Release|Any CPU.ActiveCfg = Release|Any CPU
		{E09F136A-5B40-4C66-939F-89A333C65167}.Release|Any CPU.Build.0 = Release|Any CPU
	EndGlobalSection
	GlobalSection(SolutionProperties) = preSolution
		HideSolutionNode = FALSE
	EndGlobalSection
	GlobalSection(ExtensibilityGlobals) = postSolution
		SolutionGuid = {9A6557D4-4B67-4CFD-87D4-2500E4708CFD}
	EndGlobalSection
EndGlobal
